
Microsoft Visual Studio Solution File, Format Version 11.00
# Visual Studio 2010
Project("{8BC9CEB8-8B4A-11D0-8D11-00A0C91BC942}") = "Rk-Core", "Rk-Core\Rk-Core.vcxproj", "{881F5AA2-AA84-4D54-8128-E3689EC72A89}"
EndProject
Project("{8BC9CEB8-8B4A-11D0-8D11-00A0C91BC942}") = "Rk-Core-Test", "Rk-Core-Test\Rk-Core-Test.vcxproj", "{CA2940CB-E180-4D6C-A2A3-33B40C763C10}"
EndProject
Global
	GlobalSection(SolutionConfigurationPlatforms) = preSolution
		Debug|Win32 = Debug|Win32
		Release|Win32 = Release|Win32
	EndGlobalSection
	GlobalSection(ProjectConfigurationPlatforms) = postSolution
		{881F5AA2-AA84-4D54-8128-E3689EC72A89}.Debug|Win32.ActiveCfg = Debug|Win32
		{881F5AA2-AA84-4D54-8128-E3689EC72A89}.Debug|Win32.Build.0 = Debug|Win32
		{881F5AA2-AA84-4D54-8128-E3689EC72A89}.Release|Win32.ActiveCfg = Release|Win32
		{881F5AA2-AA84-4D54-8128-E3689EC72A89}.Release|Win32.Build.0 = Release|Win32
		{CA2940CB-E180-4D6C-A2A3-33B40C763C10}.Debug|Win32.ActiveCfg = Debug|Win32
		{CA2940CB-E180-4D6C-A2A3-33B40C763C10}.Debug|Win32.Build.0 = Debug|Win32
		{CA2940CB-E180-4D6C-A2A3-33B40C763C10}.Release|Win32.ActiveCfg = Release|Win32
		{CA2940CB-E180-4D6C-A2A3-33B40C763C10}.Release|Win32.Build.0 = Release|Win32
	EndGlobalSection
	GlobalSection(SolutionProperties) = preSolution
		HideSolutionNode = FALSE
	EndGlobalSection
EndGlobal
