<?xml version="1.0" encoding="utf-8"?>
<Project ToolsVersion="4.0" xmlns="http://schemas.microsoft.com/developer/msbuild/2003">
  <ItemGroup>
    <ClInclude Include="..\Include\Rk\bigend_int.hpp">
      <Filter>API</Filter>
    </ClInclude>
    <ClInclude Include="..\Include\Rk\clamp.hpp">
      <Filter>API</Filter>
    </ClInclude>
    <ClInclude Include="..\Include\Rk\exception.hpp">
      <Filter>API</Filter>
    </ClInclude>
    <ClInclude Include="..\Include\Rk\guard.hpp">
      <Filter>API</Filter>
    </ClInclude>
    <ClInclude Include="..\Include\Rk\lerp.hpp">
      <Filter>API</Filter>
    </ClInclude>
    <ClInclude Include="..\Include\Rk\memory.hpp">
      <Filter>API</Filter>
    </ClInclude>
    <ClInclude Include="..\Include\Rk\string_ref.hpp">
      <Filter>API</Filter>
    </ClInclude>
    <ClInclude Include="..\Include\Rk\text_traits.hpp">
      <Filter>API</Filter>
    </ClInclude>
    <ClInclude Include="..\Include\Rk\type_traits.hpp">
      <Filter>API</Filter>
    </ClInclude>
    <ClInclude Include="..\Include\Rk\types.hpp">
      <Filter>API</Filter>
    </ClInclude>
    <ClInclude Include="..\Include\Rk\unicode_common.hpp">
      <Filter>API</Filter>
    </ClInclude>
    <ClInclude Include="..\Include\Rk\utf8.hpp">
      <Filter>API</Filter>
    </ClInclude>
    <ClInclude Include="..\Include\Rk\utf16.hpp">
      <Filter>API</Filter>
    </ClInclude>
    <ClInclude Include="..\Include\Rk\unicode_convert.hpp">
      <Filter>API</Filter>
    </ClInclude>
    <ClInclude Include="..\Include\Rk\module.hpp">
      <Filter>API</Filter>
    </ClInclude>
  </ItemGroup>
  <ItemGroup>
    <Filter Include="API">
      <UniqueIdentifier>{0c9b2568-7db1-4cbc-a151-c80bdf5a0942}</UniqueIdentifier>
    </Filter>
    <Filter Include="Impl">
      <UniqueIdentifier>{1c0d804d-29cd-4e0e-8e26-697dd9277b1d}</UniqueIdentifier>
    </Filter>
  </ItemGroup>
  <ItemGroup>
    <ClCompile Include="utf8.cpp">
      <Filter>Impl</Filter>
    </ClCompile>
    <ClCompile Include="utf16.cpp">
      <Filter>Impl</Filter>
    </ClCompile>
  </ItemGroup>
</Project>